
Microsoft Visual Studio Solution File, Format Version 12.00
# Visual Studio Version 17
VisualStudioVersion = 17.14.36511.14 d17.14
MinimumVisualStudioVersion = 10.0.40219.1
Project("{FAE04EC0-301F-11D3-BF4B-00C04F79EFBC}") = "BinaryState", "..\32BitBinaryState\BinaryState.csproj", "{9B3F9EE5-ECD4-4E39-B79E-D5BF8B20D7D2}"
EndProject
Project("{FAE04EC0-301F-11D3-BF4B-00C04F79EFBC}") = "BinaryState.Test", "BinaryState.Test\BinaryState.Test.csproj", "{1B3888E1-8DC3-47FF-A05B-920E57D1B940}"
EndProject
Project("{FAE04EC0-301F-11D3-BF4B-00C04F79EFBC}") = "BinarySearch.Benchmark", "BinarySearch.Benchmark\BinarySearch.Benchmark.csproj", "{5BC516F5-EB71-4317-8C93-AF6553AEDF72}"
EndProject
Global
	GlobalSection(SolutionConfigurationPlatforms) = preSolution
		Debug|Any CPU = Debug|Any CPU
		Release|Any CPU = Release|Any CPU
	EndGlobalSection
	GlobalSection(ProjectConfigurationPlatforms) = postSolution
		{9B3F9EE5-ECD4-4E39-B79E-D5BF8B20D7D2}.Debug|Any CPU.ActiveCfg = Debug|Any CPU
		{9B3F9EE5-ECD4-4E39-B79E-D5BF8B20D7D2}.Debug|Any CPU.Build.0 = Debug|Any CPU
		{9B3F9EE5-ECD4-4E39-B79E-D5BF8B20D7D2}.Release|Any CPU.ActiveCfg = Release|Any CPU
		{9B3F9EE5-ECD4-4E39-B79E-D5BF8B20D7D2}.Release|Any CPU.Build.0 = Release|Any CPU
		{1B3888E1-8DC3-47FF-A05B-920E57D1B940}.Debug|Any CPU.ActiveCfg = Debug|Any CPU
		{1B3888E1-8DC3-47FF-A05B-920E57D1B940}.Debug|Any CPU.Build.0 = Debug|Any CPU
		{1B3888E1-8DC3-47FF-A05B-920E57D1B940}.Release|Any CPU.ActiveCfg = Release|Any CPU
		{1B3888E1-8DC3-47FF-A05B-920E57D1B940}.Release|Any CPU.Build.0 = Release|Any CPU
		{5BC516F5-EB71-4317-8C93-AF6553AEDF72}.Debug|Any CPU.ActiveCfg = Debug|Any CPU
		{5BC516F5-EB71-4317-8C93-AF6553AEDF72}.Debug|Any CPU.Build.0 = Debug|Any CPU
		{5BC516F5-EB71-4317-8C93-AF6553AEDF72}.Release|Any CPU.ActiveCfg = Release|Any CPU
		{5BC516F5-EB71-4317-8C93-AF6553AEDF72}.Release|Any CPU.Build.0 = Release|Any CPU
	EndGlobalSection
	GlobalSection(SolutionProperties) = preSolution
		HideSolutionNode = FALSE
	EndGlobalSection
	GlobalSection(ExtensibilityGlobals) = postSolution
		SolutionGuid = {E1C34C5D-CD9E-48BF-8FF6-14F4689197C4}
	EndGlobalSection
EndGlobal
